// !$*UTF8*$!
{
	archiveVersion = 1;
	classes = {
	};
	objectVersion = 56;
	objects = {

/* Begin PBXBuildFile section */
		F2853FF02C32BA7C0045B6B2 /* TileExample.sks in Resources */ = {isa = PBXBuildFile; fileRef = F2853FEF2C32BA7C0045B6B2 /* TileExample.sks */; };
		F29226FF2C2F322600454AD0 /* Turns_v1App.swift in Sources */ = {isa = PBXBuildFile; fileRef = F29226FE2C2F322600454AD0 /* Turns_v1App.swift */; };
		F29227032C2F322700454AD0 /* Assets.xcassets in Resources */ = {isa = PBXBuildFile; fileRef = F29227022C2F322700454AD0 /* Assets.xcassets */; };
		F29227062C2F322700454AD0 /* Preview Assets.xcassets in Resources */ = {isa = PBXBuildFile; fileRef = F29227052C2F322700454AD0 /* Preview Assets.xcassets */; };
		F292270D2C2F335000454AD0 /* StartScene.swift in Sources */ = {isa = PBXBuildFile; fileRef = F292270C2C2F335000454AD0 /* StartScene.swift */; };
		F29227102C2F337800454AD0 /* StartScene.sks in Resources */ = {isa = PBXBuildFile; fileRef = F292270F2C2F337800454AD0 /* StartScene.sks */; };
		F29227122C3059C000454AD0 /* MenuView.swift in Sources */ = {isa = PBXBuildFile; fileRef = F29227112C3059C000454AD0 /* MenuView.swift */; };
		F29227192C3169F800454AD0 /* alagard.ttf in Resources */ = {isa = PBXBuildFile; fileRef = F29227172C3169CB00454AD0 /* alagard.ttf */; };
		F292271C2C31A89E00454AD0 /* MovementScene.swift in Sources */ = {isa = PBXBuildFile; fileRef = F292271B2C31A89E00454AD0 /* MovementScene.swift */; };
		F29227202C31ABA600454AD0 /* PlatformTiles.sks in Resources */ = {isa = PBXBuildFile; fileRef = F292271F2C31ABA600454AD0 /* PlatformTiles.sks */; };
		F29227222C31B40E00454AD0 /* MovementView.swift in Sources */ = {isa = PBXBuildFile; fileRef = F29227212C31B40E00454AD0 /* MovementView.swift */; };
		F29227242C31D9C300454AD0 /* MovementScene.sks in Resources */ = {isa = PBXBuildFile; fileRef = F29227232C31D9C300454AD0 /* MovementScene.sks */; };
		F2F9CABA2C3476B500AAE549 /* IdleRight.atlas in Resources */ = {isa = PBXBuildFile; fileRef = F2F9CAB92C3476B500AAE549 /* IdleRight.atlas */; };
		F2F9CAC02C353D2000AAE549 /* HeroNode.swift in Sources */ = {isa = PBXBuildFile; fileRef = F2F9CABF2C353D2000AAE549 /* HeroNode.swift */; };
		F2F9CAC22C354CD000AAE549 /* TrialScene.swift in Sources */ = {isa = PBXBuildFile; fileRef = F2F9CAC12C354CD000AAE549 /* TrialScene.swift */; };
		F2F9CAC42C354D3E00AAE549 /* TrialScene.sks in Resources */ = {isa = PBXBuildFile; fileRef = F2F9CAC32C354D3E00AAE549 /* TrialScene.sks */; };
/* End PBXBuildFile section */

/* Begin PBXFileReference section */
		F2853FEF2C32BA7C0045B6B2 /* TileExample.sks */ = {isa = PBXFileReference; lastKnownFileType = file.sks; path = TileExample.sks; sourceTree = "<group>"; };
		F29226FB2C2F322600454AD0 /* Turns-v1.app */ = {isa = PBXFileReference; explicitFileType = wrapper.application; includeInIndex = 0; path = "Turns-v1.app"; sourceTree = BUILT_PRODUCTS_DIR; };
		F29226FE2C2F322600454AD0 /* Turns_v1App.swift */ = {isa = PBXFileReference; lastKnownFileType = sourcecode.swift; path = Turns_v1App.swift; sourceTree = "<group>"; };
		F29227022C2F322700454AD0 /* Assets.xcassets */ = {isa = PBXFileReference; lastKnownFileType = folder.assetcatalog; path = Assets.xcassets; sourceTree = "<group>"; };
		F29227052C2F322700454AD0 /* Preview Assets.xcassets */ = {isa = PBXFileReference; lastKnownFileType = folder.assetcatalog; path = "Preview Assets.xcassets"; sourceTree = "<group>"; };
		F292270C2C2F335000454AD0 /* StartScene.swift */ = {isa = PBXFileReference; lastKnownFileType = sourcecode.swift; path = StartScene.swift; sourceTree = "<group>"; };
		F292270F2C2F337800454AD0 /* StartScene.sks */ = {isa = PBXFileReference; lastKnownFileType = file.sks; path = StartScene.sks; sourceTree = "<group>"; };
		F29227112C3059C000454AD0 /* MenuView.swift */ = {isa = PBXFileReference; lastKnownFileType = sourcecode.swift; path = MenuView.swift; sourceTree = "<group>"; };
		F29227172C3169CB00454AD0 /* alagard.ttf */ = {isa = PBXFileReference; lastKnownFileType = file; path = alagard.ttf; sourceTree = "<group>"; };
		F292271A2C316AEF00454AD0 /* Info.plist */ = {isa = PBXFileReference; lastKnownFileType = text.plist; path = Info.plist; sourceTree = "<group>"; };
		F292271B2C31A89E00454AD0 /* MovementScene.swift */ = {isa = PBXFileReference; lastKnownFileType = sourcecode.swift; path = MovementScene.swift; sourceTree = "<group>"; };
		F292271F2C31ABA600454AD0 /* PlatformTiles.sks */ = {isa = PBXFileReference; lastKnownFileType = file.sks; path = PlatformTiles.sks; sourceTree = "<group>"; };
		F29227212C31B40E00454AD0 /* MovementView.swift */ = {isa = PBXFileReference; lastKnownFileType = sourcecode.swift; path = MovementView.swift; sourceTree = "<group>"; };
		F29227232C31D9C300454AD0 /* MovementScene.sks */ = {isa = PBXFileReference; lastKnownFileType = file.sks; path = MovementScene.sks; sourceTree = "<group>"; };
		F2F9CAB92C3476B500AAE549 /* IdleRight.atlas */ = {isa = PBXFileReference; lastKnownFileType = folder.skatlas; path = IdleRight.atlas; sourceTree = "<group>"; };
		F2F9CABF2C353D2000AAE549 /* HeroNode.swift */ = {isa = PBXFileReference; lastKnownFileType = sourcecode.swift; path = HeroNode.swift; sourceTree = "<group>"; };
		F2F9CAC12C354CD000AAE549 /* TrialScene.swift */ = {isa = PBXFileReference; lastKnownFileType = sourcecode.swift; path = TrialScene.swift; sourceTree = "<group>"; };
		F2F9CAC32C354D3E00AAE549 /* TrialScene.sks */ = {isa = PBXFileReference; lastKnownFileType = file.sks; path = TrialScene.sks; sourceTree = "<group>"; };
/* End PBXFileReference section */

/* Begin PBXFrameworksBuildPhase section */
		F29226F82C2F322600454AD0 /* Frameworks */ = {
			isa = PBXFrameworksBuildPhase;
			buildActionMask = 2147483647;
			files = (
			);
			runOnlyForDeploymentPostprocessing = 0;
		};
/* End PBXFrameworksBuildPhase section */

/* Begin PBXGroup section */
		F29226F22C2F322600454AD0 = {
			isa = PBXGroup;
			children = (
				F29226FD2C2F322600454AD0 /* Turns-v1 */,
				F29226FC2C2F322600454AD0 /* Products */,
			);
			sourceTree = "<group>";
		};
		F29226FC2C2F322600454AD0 /* Products */ = {
			isa = PBXGroup;
			children = (
				F29226FB2C2F322600454AD0 /* Turns-v1.app */,
			);
			name = Products;
			sourceTree = "<group>";
		};
		F29226FD2C2F322600454AD0 /* Turns-v1 */ = {
			isa = PBXGroup;
			children = (
				F2F9CABE2C353D0600AAE549 /* Custom Classes */,
				F292271A2C316AEF00454AD0 /* Info.plist */,
				F29226FE2C2F322600454AD0 /* Turns_v1App.swift */,
				F29227112C3059C000454AD0 /* MenuView.swift */,
				F29227212C31B40E00454AD0 /* MovementView.swift */,
				F292270E2C2F335C00454AD0 /* Scenes */,
				F29227022C2F322700454AD0 /* Assets.xcassets */,
				F29227182C3169E100454AD0 /* Fonts */,
				F2F9CAB92C3476B500AAE549 /* IdleRight.atlas */,
				F29227042C2F322700454AD0 /* Preview Content */,
			);
			path = "Turns-v1";
			sourceTree = "<group>";
		};
		F29227042C2F322700454AD0 /* Preview Content */ = {
			isa = PBXGroup;
			children = (
				F29227052C2F322700454AD0 /* Preview Assets.xcassets */,
			);
			path = "Preview Content";
			sourceTree = "<group>";
		};
		F292270E2C2F335C00454AD0 /* Scenes */ = {
			isa = PBXGroup;
			children = (
				F292270C2C2F335000454AD0 /* StartScene.swift */,
				F292270F2C2F337800454AD0 /* StartScene.sks */,
				F292271B2C31A89E00454AD0 /* MovementScene.swift */,
				F2853FEF2C32BA7C0045B6B2 /* TileExample.sks */,
				F29227232C31D9C300454AD0 /* MovementScene.sks */,
				F292271F2C31ABA600454AD0 /* PlatformTiles.sks */,
			);
			path = Scenes;
			sourceTree = "<group>";
		};
		F29227182C3169E100454AD0 /* Fonts */ = {
			isa = PBXGroup;
			children = (
				F29227172C3169CB00454AD0 /* alagard.ttf */,
			);
			path = Fonts;
			sourceTree = "<group>";
		};
		F2F9CABE2C353D0600AAE549 /* Custom Classes */ = {
			isa = PBXGroup;
			children = (
				F2F9CABF2C353D2000AAE549 /* HeroNode.swift */,
				F2F9CAC12C354CD000AAE549 /* TrialScene.swift */,
				F2F9CAC32C354D3E00AAE549 /* TrialScene.sks */,
			);
			path = "Custom Classes";
			sourceTree = "<group>";
		};
/* End PBXGroup section */

/* Begin PBXNativeTarget section */
		F29226FA2C2F322600454AD0 /* Turns-v1 */ = {
			isa = PBXNativeTarget;
			buildConfigurationList = F29227092C2F322700454AD0 /* Build configuration list for PBXNativeTarget "Turns-v1" */;
			buildPhases = (
				F29226F72C2F322600454AD0 /* Sources */,
				F29226F82C2F322600454AD0 /* Frameworks */,
				F29226F92C2F322600454AD0 /* Resources */,
			);
			buildRules = (
			);
			dependencies = (
			);
			name = "Turns-v1";
			productName = "Turns-v1";
			productReference = F29226FB2C2F322600454AD0 /* Turns-v1.app */;
			productType = "com.apple.product-type.application";
		};
/* End PBXNativeTarget section */

/* Begin PBXProject section */
		F29226F32C2F322600454AD0 /* Project object */ = {
			isa = PBXProject;
			attributes = {
				BuildIndependentTargetsInParallel = 1;
				LastSwiftUpdateCheck = 1540;
				LastUpgradeCheck = 1540;
				TargetAttributes = {
					F29226FA2C2F322600454AD0 = {
						CreatedOnToolsVersion = 15.4;
					};
				};
			};
			buildConfigurationList = F29226F62C2F322600454AD0 /* Build configuration list for PBXProject "Turns-v1" */;
			compatibilityVersion = "Xcode 14.0";
			developmentRegion = en;
			hasScannedForEncodings = 0;
			knownRegions = (
				en,
				Base,
			);
			mainGroup = F29226F22C2F322600454AD0;
			productRefGroup = F29226FC2C2F322600454AD0 /* Products */;
			projectDirPath = "";
			projectRoot = "";
			targets = (
				F29226FA2C2F322600454AD0 /* Turns-v1 */,
			);
		};
/* End PBXProject section */

/* Begin PBXResourcesBuildPhase section */
		F29226F92C2F322600454AD0 /* Resources */ = {
			isa = PBXResourcesBuildPhase;
			buildActionMask = 2147483647;
			files = (
				F29227202C31ABA600454AD0 /* PlatformTiles.sks in Resources */,
				F29227102C2F337800454AD0 /* StartScene.sks in Resources */,
				F2853FF02C32BA7C0045B6B2 /* TileExample.sks in Resources */,
				F29227062C2F322700454AD0 /* Preview Assets.xcassets in Resources */,
				F29227242C31D9C300454AD0 /* MovementScene.sks in Resources */,
				F29227032C2F322700454AD0 /* Assets.xcassets in Resources */,
				F2F9CABA2C3476B500AAE549 /* IdleRight.atlas in Resources */,
				F2F9CAC42C354D3E00AAE549 /* TrialScene.sks in Resources */,
				F29227192C3169F800454AD0 /* alagard.ttf in Resources */,
			);
			runOnlyForDeploymentPostprocessing = 0;
		};
/* End PBXResourcesBuildPhase section */

/* Begin PBXSourcesBuildPhase section */
		F29226F72C2F322600454AD0 /* Sources */ = {
			isa = PBXSourcesBuildPhase;
			buildActionMask = 2147483647;
			files = (
				F292270D2C2F335000454AD0 /* StartScene.swift in Sources */,
				F29227222C31B40E00454AD0 /* MovementView.swift in Sources */,
				F29227122C3059C000454AD0 /* MenuView.swift in Sources */,
				F2F9CAC22C354CD000AAE549 /* TrialScene.swift in Sources */,
				F29226FF2C2F322600454AD0 /* Turns_v1App.swift in Sources */,
				F292271C2C31A89E00454AD0 /* MovementScene.swift in Sources */,
				F2F9CAC02C353D2000AAE549 /* HeroNode.swift in Sources */,
			);
			runOnlyForDeploymentPostprocessing = 0;
		};
/* End PBXSourcesBuildPhase section */

/* Begin XCBuildConfiguration section */
		F29227072C2F322700454AD0 /* Debug */ = {
			isa = XCBuildConfiguration;
			buildSettings = {
				ALWAYS_SEARCH_USER_PATHS = NO;
				ASSETCATALOG_COMPILER_GENERATE_SWIFT_ASSET_SYMBOL_EXTENSIONS = YES;
				CLANG_ANALYZER_NONNULL = YES;
				CLANG_ANALYZER_NUMBER_OBJECT_CONVERSION = YES_AGGRESSIVE;
				CLANG_CXX_LANGUAGE_STANDARD = "gnu++20";
				CLANG_ENABLE_MODULES = YES;
				CLANG_ENABLE_OBJC_ARC = YES;
				CLANG_ENABLE_OBJC_WEAK = YES;
				CLANG_WARN_BLOCK_CAPTURE_AUTORELEASING = YES;
				CLANG_WARN_BOOL_CONVERSION = YES;
				CLANG_WARN_COMMA = YES;
				CLANG_WARN_CONSTANT_CONVERSION = YES;
				CLANG_WARN_DEPRECATED_OBJC_IMPLEMENTATIONS = YES;
				CLANG_WARN_DIRECT_OBJC_ISA_USAGE = YES_ERROR;
				CLANG_WARN_DOCUMENTATION_COMMENTS = YES;
				CLANG_WARN_EMPTY_BODY = YES;
				CLANG_WARN_ENUM_CONVERSION = YES;
				CLANG_WARN_INFINITE_RECURSION = YES;
				CLANG_WARN_INT_CONVERSION = YES;
				CLANG_WARN_NON_LITERAL_NULL_CONVERSION = YES;
				CLANG_WARN_OBJC_IMPLICIT_RETAIN_SELF = YES;
				CLANG_WARN_OBJC_LITERAL_CONVERSION = YES;
				CLANG_WARN_OBJC_ROOT_CLASS = YES_ERROR;
				CLANG_WARN_QUOTED_INCLUDE_IN_FRAMEWORK_HEADER = YES;
				CLANG_WARN_RANGE_LOOP_ANALYSIS = YES;
				CLANG_WARN_STRICT_PROTOTYPES = YES;
				CLANG_WARN_SUSPICIOUS_MOVE = YES;
				CLANG_WARN_UNGUARDED_AVAILABILITY = YES_AGGRESSIVE;
				CLANG_WARN_UNREACHABLE_CODE = YES;
				CLANG_WARN__DUPLICATE_METHOD_MATCH = YES;
				COPY_PHASE_STRIP = NO;
				DEBUG_INFORMATION_FORMAT = dwarf;
				ENABLE_STRICT_OBJC_MSGSEND = YES;
				ENABLE_TESTABILITY = YES;
				ENABLE_USER_SCRIPT_SANDBOXING = YES;
				GCC_C_LANGUAGE_STANDARD = gnu17;
				GCC_DYNAMIC_NO_PIC = NO;
				GCC_NO_COMMON_BLOCKS = YES;
				GCC_OPTIMIZATION_LEVEL = 0;
				GCC_PREPROCESSOR_DEFINITIONS = (
					"DEBUG=1",
					"$(inherited)",
				);
				GCC_WARN_64_TO_32_BIT_CONVERSION = YES;
				GCC_WARN_ABOUT_RETURN_TYPE = YES_ERROR;
				GCC_WARN_UNDECLARED_SELECTOR = YES;
				GCC_WARN_UNINITIALIZED_AUTOS = YES_AGGRESSIVE;
				GCC_WARN_UNUSED_FUNCTION = YES;
				GCC_WARN_UNUSED_VARIABLE = YES;
				IPHONEOS_DEPLOYMENT_TARGET = 17.5;
				LOCALIZATION_PREFERS_STRING_CATALOGS = YES;
				MTL_ENABLE_DEBUG_INFO = INCLUDE_SOURCE;
				MTL_FAST_MATH = YES;
				ONLY_ACTIVE_ARCH = YES;
				SDKROOT = iphoneos;
				SWIFT_ACTIVE_COMPILATION_CONDITIONS = "DEBUG $(inherited)";
				SWIFT_OPTIMIZATION_LEVEL = "-Onone";
			};
			name = Debug;
		};
		F29227082C2F322700454AD0 /* Release */ = {
			isa = XCBuildConfiguration;
			buildSettings = {
				ALWAYS_SEARCH_USER_PATHS = NO;
				ASSETCATALOG_COMPILER_GENERATE_SWIFT_ASSET_SYMBOL_EXTENSIONS = YES;
				CLANG_ANALYZER_NONNULL = YES;
				CLANG_ANALYZER_NUMBER_OBJECT_CONVERSION = YES_AGGRESSIVE;
				CLANG_CXX_LANGUAGE_STANDARD = "gnu++20";
				CLANG_ENABLE_MODULES = YES;
				CLANG_ENABLE_OBJC_ARC = YES;
				CLANG_ENABLE_OBJC_WEAK = YES;
				CLANG_WARN_BLOCK_CAPTURE_AUTORELEASING = YES;
				CLANG_WARN_BOOL_CONVERSION = YES;
				CLANG_WARN_COMMA = YES;
				CLANG_WARN_CONSTANT_CONVERSION = YES;
				CLANG_WARN_DEPRECATED_OBJC_IMPLEMENTATIONS = YES;
				CLANG_WARN_DIRECT_OBJC_ISA_USAGE = YES_ERROR;
				CLANG_WARN_DOCUMENTATION_COMMENTS = YES;
				CLANG_WARN_EMPTY_BODY = YES;
				CLANG_WARN_ENUM_CONVERSION = YES;
				CLANG_WARN_INFINITE_RECURSION = YES;
				CLANG_WARN_INT_CONVERSION = YES;
				CLANG_WARN_NON_LITERAL_NULL_CONVERSION = YES;
				CLANG_WARN_OBJC_IMPLICIT_RETAIN_SELF = YES;
				CLANG_WARN_OBJC_LITERAL_CONVERSION = YES;
				CLANG_WARN_OBJC_ROOT_CLASS = YES_ERROR;
				CLANG_WARN_QUOTED_INCLUDE_IN_FRAMEWORK_HEADER = YES;
				CLANG_WARN_RANGE_LOOP_ANALYSIS = YES;
				CLANG_WARN_STRICT_PROTOTYPES = YES;
				CLANG_WARN_SUSPICIOUS_MOVE = YES;
				CLANG_WARN_UNGUARDED_AVAILABILITY = YES_AGGRESSIVE;
				CLANG_WARN_UNREACHABLE_CODE = YES;
				CLANG_WARN__DUPLICATE_METHOD_MATCH = YES;
				COPY_PHASE_STRIP = NO;
				DEBUG_INFORMATION_FORMAT = "dwarf-with-dsym";
				ENABLE_NS_ASSERTIONS = NO;
				ENABLE_STRICT_OBJC_MSGSEND = YES;
				ENABLE_USER_SCRIPT_SANDBOXING = YES;
				GCC_C_LANGUAGE_STANDARD = gnu17;
				GCC_NO_COMMON_BLOCKS = YES;
				GCC_WARN_64_TO_32_BIT_CONVERSION = YES;
				GCC_WARN_ABOUT_RETURN_TYPE = YES_ERROR;
				GCC_WARN_UNDECLARED_SELECTOR = YES;
				GCC_WARN_UNINITIALIZED_AUTOS = YES_AGGRESSIVE;
				GCC_WARN_UNUSED_FUNCTION = YES;
				GCC_WARN_UNUSED_VARIABLE = YES;
				IPHONEOS_DEPLOYMENT_TARGET = 17.5;
				LOCALIZATION_PREFERS_STRING_CATALOGS = YES;
				MTL_ENABLE_DEBUG_INFO = NO;
				MTL_FAST_MATH = YES;
				SDKROOT = iphoneos;
				SWIFT_COMPILATION_MODE = wholemodule;
				VALIDATE_PRODUCT = YES;
			};
			name = Release;
		};
		F292270A2C2F322700454AD0 /* Debug */ = {
			isa = XCBuildConfiguration;
			buildSettings = {
				ASSETCATALOG_COMPILER_APPICON_NAME = AppIcon;
				ASSETCATALOG_COMPILER_GLOBAL_ACCENT_COLOR_NAME = AccentColor;
				ASSETCATALOG_COMPILER_INCLUDE_ALL_APPICON_ASSETS = NO;
				CODE_SIGN_STYLE = Automatic;
				CURRENT_PROJECT_VERSION = 1;
				DEVELOPMENT_ASSET_PATHS = "\"Turns-v1/Preview Content\"";
				DEVELOPMENT_TEAM = 8RB4735FJ2;
				ENABLE_PREVIEWS = YES;
				GENERATE_INFOPLIST_FILE = YES;
				INFOPLIST_FILE = "Turns-v1/Info.plist";
				INFOPLIST_KEY_CFBundleDisplayName = Turns;
				INFOPLIST_KEY_LSApplicationCategoryType = "public.app-category.games";
				INFOPLIST_KEY_UIApplicationSceneManifest_Generation = YES;
				INFOPLIST_KEY_UIApplicationSupportsIndirectInputEvents = YES;
				INFOPLIST_KEY_UILaunchScreen_Generation = YES;
				INFOPLIST_KEY_UIStatusBarHidden = YES;
				INFOPLIST_KEY_UIStatusBarStyle = "";
				INFOPLIST_KEY_UISupportedInterfaceOrientations = "UIInterfaceOrientationLandscapeLeft UIInterfaceOrientationLandscapeRight";
				INFOPLIST_KEY_UISupportedInterfaceOrientations_iPad = "UIInterfaceOrientationLandscapeLeft UIInterfaceOrientationLandscapeRight UIInterfaceOrientationPortrait UIInterfaceOrientationPortraitUpsideDown";
				LD_RUNPATH_SEARCH_PATHS = (
					"$(inherited)",
					"@executable_path/Frameworks",
				);
				MARKETING_VERSION = 1.0;
				PRODUCT_BUNDLE_IDENTIFIER = "gheim2.Turns-v1";
				PRODUCT_NAME = "$(TARGET_NAME)";
				SUPPORTED_PLATFORMS = "iphoneos iphonesimulator";
				SUPPORTS_MACCATALYST = NO;
				SWIFT_EMIT_LOC_STRINGS = YES;
				SWIFT_VERSION = 5.0;
				TARGETED_DEVICE_FAMILY = 1;
			};
			name = Debug;
		};
		F292270B2C2F322700454AD0 /* Release */ = {
			isa = XCBuildConfiguration;
			buildSettings = {
				ASSETCATALOG_COMPILER_APPICON_NAME = AppIcon;
				ASSETCATALOG_COMPILER_GLOBAL_ACCENT_COLOR_NAME = AccentColor;
				ASSETCATALOG_COMPILER_INCLUDE_ALL_APPICON_ASSETS = NO;
				CODE_SIGN_STYLE = Automatic;
				CURRENT_PROJECT_VERSION = 1;
				DEVELOPMENT_ASSET_PATHS = "\"Turns-v1/Preview Content\"";
				DEVELOPMENT_TEAM = 8RB4735FJ2;
				ENABLE_PREVIEWS = YES;
				GENERATE_INFOPLIST_FILE = YES;
				INFOPLIST_FILE = "Turns-v1/Info.plist";
				INFOPLIST_KEY_CFBundleDisplayName = Turns;
				INFOPLIST_KEY_LSApplicationCategoryType = "public.app-category.games";
				INFOPLIST_KEY_UIApplicationSceneManifest_Generation = YES;
				INFOPLIST_KEY_UIApplicationSupportsIndirectInputEvents = YES;
				INFOPLIST_KEY_UILaunchScreen_Generation = YES;
				INFOPLIST_KEY_UIStatusBarHidden = YES;
				INFOPLIST_KEY_UIStatusBarStyle = "";
				INFOPLIST_KEY_UISupportedInterfaceOrientations = "UIInterfaceOrientationLandscapeLeft UIInterfaceOrientationLandscapeRight";
				INFOPLIST_KEY_UISupportedInterfaceOrientations_iPad = "UIInterfaceOrientationLandscapeLeft UIInterfaceOrientationLandscapeRight UIInterfaceOrientationPortrait UIInterfaceOrientationPortraitUpsideDown";
				LD_RUNPATH_SEARCH_PATHS = (
					"$(inherited)",
					"@executable_path/Frameworks",
				);
				MARKETING_VERSION = 1.0;
				PRODUCT_BUNDLE_IDENTIFIER = "gheim2.Turns-v1";
				PRODUCT_NAME = "$(TARGET_NAME)";
				SUPPORTED_PLATFORMS = "iphoneos iphonesimulator";
				SUPPORTS_MACCATALYST = NO;
				SWIFT_EMIT_LOC_STRINGS = YES;
				SWIFT_VERSION = 5.0;
				TARGETED_DEVICE_FAMILY = 1;
			};
			name = Release;
		};
/* End XCBuildConfiguration section */

/* Begin XCConfigurationList section */
		F29226F62C2F322600454AD0 /* Build configuration list for PBXProject "Turns-v1" */ = {
			isa = XCConfigurationList;
			buildConfigurations = (
				F29227072C2F322700454AD0 /* Debug */,
				F29227082C2F322700454AD0 /* Release */,
			);
			defaultConfigurationIsVisible = 0;
			defaultConfigurationName = Release;
		};
		F29227092C2F322700454AD0 /* Build configuration list for PBXNativeTarget "Turns-v1" */ = {
			isa = XCConfigurationList;
			buildConfigurations = (
				F292270A2C2F322700454AD0 /* Debug */,
				F292270B2C2F322700454AD0 /* Release */,
			);
			defaultConfigurationIsVisible = 0;
			defaultConfigurationName = Release;
		};
/* End XCConfigurationList section */
	};
	rootObject = F29226F32C2F322600454AD0 /* Project object */;
}
