// !$*UTF8*$!
{
	archiveVersion = 1;
	classes = {
	};
	objectVersion = 56;
	objects = {

/* Begin PBXBuildFile section */
		553CEED42C3E84B700EDEBFC /* AppState.swift in Sources */ = {isa = PBXBuildFile; fileRef = 553CEED32C3E84B600EDEBFC /* AppState.swift */; };
		7A0890AA2C35A77F00F059CC /* HeroNode.swift in Sources */ = {isa = PBXBuildFile; fileRef = 7A0890A62C35A77F00F059CC /* HeroNode.swift */; };
		7A0890AE2C35A83B00F059CC /* README.md in Resources */ = {isa = PBXBuildFile; fileRef = 7A0890AD2C35A83B00F059CC /* README.md */; };
		7A0890B02C35A85900F059CC /* .gitignore in Resources */ = {isa = PBXBuildFile; fileRef = 7A0890AF2C35A85900F059CC /* .gitignore */; };
		7A11D6722C3F388C00394BD1 /* blueRunFix.atlas in Resources */ = {isa = PBXBuildFile; fileRef = 7A11D6712C3F388C00394BD1 /* blueRunFix.atlas */; };
		7A1DE3B62C3FC07A007A0634 /* TutorialView.swift in Sources */ = {isa = PBXBuildFile; fileRef = 7A1DE3B52C3FC07A007A0634 /* TutorialView.swift */; };
		7A1DE3B82C3FC2AE007A0634 /* FinalView.swift in Sources */ = {isa = PBXBuildFile; fileRef = 7A1DE3B72C3FC2AE007A0634 /* FinalView.swift */; };
		7A1DE3BB2C3FCB33007A0634 /* FinalScene.swift in Sources */ = {isa = PBXBuildFile; fileRef = 7A1DE3BA2C3FCB33007A0634 /* FinalScene.swift */; };
		7A1DE3BD2C3FCB90007A0634 /* FinalScene.sks in Resources */ = {isa = PBXBuildFile; fileRef = 7A1DE3BC2C3FCB90007A0634 /* FinalScene.sks */; };
		7A21F9A32C3E90C800FDF0C4 /* WaitingView.swift in Sources */ = {isa = PBXBuildFile; fileRef = 7A21F9A22C3E90C800FDF0C4 /* WaitingView.swift */; };
		7A21F9A52C3EC6F100FDF0C4 /* SpinningDude.swift in Sources */ = {isa = PBXBuildFile; fileRef = 7A21F9A42C3EC6F100FDF0C4 /* SpinningDude.swift */; };
		7AB65F642C4016B000BD7643 /* TutorialScene.swift in Sources */ = {isa = PBXBuildFile; fileRef = 7AB65F632C4016AF00BD7643 /* TutorialScene.swift */; };
		7AB65F662C4016FB00BD7643 /* TutorialScene.sks in Resources */ = {isa = PBXBuildFile; fileRef = 7AB65F652C4016FB00BD7643 /* TutorialScene.sks */; };
		7ACB9F7C2C34A9AF0019FB02 /* PlatformScene.sks in Resources */ = {isa = PBXBuildFile; fileRef = 7ACB9F7B2C34A9AF0019FB02 /* PlatformScene.sks */; };
		7ACB9F7E2C34AB940019FB02 /* PlatformScene.swift in Sources */ = {isa = PBXBuildFile; fileRef = 7ACB9F7D2C34AB940019FB02 /* PlatformScene.swift */; };
		7ACB9F802C34ADE00019FB02 /* PlatformView.swift in Sources */ = {isa = PBXBuildFile; fileRef = 7ACB9F7F2C34ADE00019FB02 /* PlatformView.swift */; };
		F22295722C373AE8008AE840 /* blueIdle.atlas in Resources */ = {isa = PBXBuildFile; fileRef = F22295712C373AE8008AE840 /* blueIdle.atlas */; };
		F22295742C373AEE008AE840 /* blueJump.atlas in Resources */ = {isa = PBXBuildFile; fileRef = F22295732C373AEE008AE840 /* blueJump.atlas */; };
		F22295792C374AFB008AE840 /* Flame.atlas in Resources */ = {isa = PBXBuildFile; fileRef = F22295782C374AFB008AE840 /* Flame.atlas */; };
		F23C473A2C39A5BE00B1F0A6 /* FlameNode.swift in Sources */ = {isa = PBXBuildFile; fileRef = F23C47392C39A5BE00B1F0A6 /* FlameNode.swift */; };
		F23C473C2C39A5ED00B1F0A6 /* utilities.swift in Sources */ = {isa = PBXBuildFile; fileRef = F23C473B2C39A5ED00B1F0A6 /* utilities.swift */; };
		F288E7B12C3D51EF0017668E /* ArcadeClassic.ttf in Resources */ = {isa = PBXBuildFile; fileRef = F2B77F522C3D4E2800FDFDBF /* ArcadeClassic.ttf */; };
		F29226FF2C2F322600454AD0 /* Turns_v1App.swift in Sources */ = {isa = PBXBuildFile; fileRef = F29226FE2C2F322600454AD0 /* Turns_v1App.swift */; };
		F29227032C2F322700454AD0 /* Assets.xcassets in Resources */ = {isa = PBXBuildFile; fileRef = F29227022C2F322700454AD0 /* Assets.xcassets */; };
		F29227062C2F322700454AD0 /* Preview Assets.xcassets in Resources */ = {isa = PBXBuildFile; fileRef = F29227052C2F322700454AD0 /* Preview Assets.xcassets */; };
		F29227192C3169F800454AD0 /* alagard.ttf in Resources */ = {isa = PBXBuildFile; fileRef = F29227172C3169CB00454AD0 /* alagard.ttf */; };
		F29227202C31ABA600454AD0 /* PlatformTiles.sks in Resources */ = {isa = PBXBuildFile; fileRef = F292271F2C31ABA600454AD0 /* PlatformTiles.sks */; };
		F2AC1C3E2C408532009AD7FF /* CollectSound.wav in Resources */ = {isa = PBXBuildFile; fileRef = F2AC1C3D2C408532009AD7FF /* CollectSound.wav */; };
		F2B77F2F2C3D45E500FDFDBF /* GameState.swift in Sources */ = {isa = PBXBuildFile; fileRef = F2B77F2C2C3D45E500FDFDBF /* GameState.swift */; };
		F2B77F3C2C3D462A00FDFDBF /* MPCImpl.swift in Sources */ = {isa = PBXBuildFile; fileRef = F2B77F312C3D462A00FDFDBF /* MPCImpl.swift */; };
		F2B77F3D2C3D462A00FDFDBF /* MPCInterface.swift in Sources */ = {isa = PBXBuildFile; fileRef = F2B77F322C3D462A00FDFDBF /* MPCInterface.swift */; };
		F2B77F3E2C3D462A00FDFDBF /* Route.swift in Sources */ = {isa = PBXBuildFile; fileRef = F2B77F342C3D462A00FDFDBF /* Route.swift */; };
		F2B77F3F2C3D462A00FDFDBF /* Router.swift in Sources */ = {isa = PBXBuildFile; fileRef = F2B77F352C3D462A00FDFDBF /* Router.swift */; };
		F2B77F402C3D462A00FDFDBF /* Color.swift in Sources */ = {isa = PBXBuildFile; fileRef = F2B77F372C3D462A00FDFDBF /* Color.swift */; };
		F2B77F412C3D462A00FDFDBF /* ViewModel.swift in Sources */ = {isa = PBXBuildFile; fileRef = F2B77F392C3D462A00FDFDBF /* ViewModel.swift */; };
		F2B77F4B2C3D4A9000FDFDBF /* BackView.swift in Sources */ = {isa = PBXBuildFile; fileRef = F2B77F422C3D4A9000FDFDBF /* BackView.swift */; };
		F2B77F4C2C3D4A9000FDFDBF /* ListFriend.swift in Sources */ = {isa = PBXBuildFile; fileRef = F2B77F432C3D4A9000FDFDBF /* ListFriend.swift */; };
		F2B77F4F2C3D4A9000FDFDBF /* RouterView.swift in Sources */ = {isa = PBXBuildFile; fileRef = F2B77F472C3D4A9000FDFDBF /* RouterView.swift */; };
		F2B77F502C3D4A9000FDFDBF /* SenderView.swift in Sources */ = {isa = PBXBuildFile; fileRef = F2B77F482C3D4A9000FDFDBF /* SenderView.swift */; };
		F2B77F512C3D4A9000FDFDBF /* StartView.swift in Sources */ = {isa = PBXBuildFile; fileRef = F2B77F492C3D4A9000FDFDBF /* StartView.swift */; };
		F2B77F562C3D4F4B00FDFDBF /* PairView.swift in Sources */ = {isa = PBXBuildFile; fileRef = F2B77F552C3D4F4B00FDFDBF /* PairView.swift */; };
		F2B77F5A2C3D50D000FDFDBF /* EntryView.swift in Sources */ = {isa = PBXBuildFile; fileRef = F2B77F592C3D50D000FDFDBF /* EntryView.swift */; };
		F2D6C8AC2C3C6089004180A4 /* orangeJump.atlas in Resources */ = {isa = PBXBuildFile; fileRef = F2D6C8A92C3C6089004180A4 /* orangeJump.atlas */; };
		F2D6C8AD2C3C6089004180A4 /* orangeRun.atlas in Resources */ = {isa = PBXBuildFile; fileRef = F2D6C8AA2C3C6089004180A4 /* orangeRun.atlas */; };
		F2D6C8AE2C3C6089004180A4 /* orangeIdle.atlas in Resources */ = {isa = PBXBuildFile; fileRef = F2D6C8AB2C3C6089004180A4 /* orangeIdle.atlas */; };
/* End PBXBuildFile section */

/* Begin PBXFileReference section */
		553CEED32C3E84B600EDEBFC /* AppState.swift */ = {isa = PBXFileReference; lastKnownFileType = sourcecode.swift; path = AppState.swift; sourceTree = "<group>"; };
		7A0890A62C35A77F00F059CC /* HeroNode.swift */ = {isa = PBXFileReference; fileEncoding = 4; lastKnownFileType = sourcecode.swift; path = HeroNode.swift; sourceTree = "<group>"; };
		7A0890AD2C35A83B00F059CC /* README.md */ = {isa = PBXFileReference; fileEncoding = 4; lastKnownFileType = net.daringfireball.markdown; path = README.md; sourceTree = "<group>"; };
		7A0890AF2C35A85900F059CC /* .gitignore */ = {isa = PBXFileReference; fileEncoding = 4; lastKnownFileType = text; path = .gitignore; sourceTree = "<group>"; };
		7A11D6712C3F388C00394BD1 /* blueRunFix.atlas */ = {isa = PBXFileReference; lastKnownFileType = folder.skatlas; path = blueRunFix.atlas; sourceTree = "<group>"; };
		7A1DE3B52C3FC07A007A0634 /* TutorialView.swift */ = {isa = PBXFileReference; lastKnownFileType = sourcecode.swift; path = TutorialView.swift; sourceTree = "<group>"; };
		7A1DE3B72C3FC2AE007A0634 /* FinalView.swift */ = {isa = PBXFileReference; lastKnownFileType = sourcecode.swift; path = FinalView.swift; sourceTree = "<group>"; };
		7A1DE3BA2C3FCB33007A0634 /* FinalScene.swift */ = {isa = PBXFileReference; lastKnownFileType = sourcecode.swift; path = FinalScene.swift; sourceTree = "<group>"; };
		7A1DE3BC2C3FCB90007A0634 /* FinalScene.sks */ = {isa = PBXFileReference; lastKnownFileType = file.sks; path = FinalScene.sks; sourceTree = "<group>"; };
		7A21F9A22C3E90C800FDF0C4 /* WaitingView.swift */ = {isa = PBXFileReference; lastKnownFileType = sourcecode.swift; path = WaitingView.swift; sourceTree = "<group>"; };
		7A21F9A42C3EC6F100FDF0C4 /* SpinningDude.swift */ = {isa = PBXFileReference; lastKnownFileType = sourcecode.swift; path = SpinningDude.swift; sourceTree = "<group>"; };
		7AB65F632C4016AF00BD7643 /* TutorialScene.swift */ = {isa = PBXFileReference; lastKnownFileType = sourcecode.swift; path = TutorialScene.swift; sourceTree = "<group>"; };
		7AB65F652C4016FB00BD7643 /* TutorialScene.sks */ = {isa = PBXFileReference; lastKnownFileType = file.sks; path = TutorialScene.sks; sourceTree = "<group>"; };
		7ACB9F7B2C34A9AF0019FB02 /* PlatformScene.sks */ = {isa = PBXFileReference; lastKnownFileType = file.sks; path = PlatformScene.sks; sourceTree = "<group>"; };
		7ACB9F7D2C34AB940019FB02 /* PlatformScene.swift */ = {isa = PBXFileReference; lastKnownFileType = sourcecode.swift; path = PlatformScene.swift; sourceTree = "<group>"; };
		7ACB9F7F2C34ADE00019FB02 /* PlatformView.swift */ = {isa = PBXFileReference; lastKnownFileType = sourcecode.swift; path = PlatformView.swift; sourceTree = "<group>"; };
		F22295712C373AE8008AE840 /* blueIdle.atlas */ = {isa = PBXFileReference; lastKnownFileType = folder.skatlas; path = blueIdle.atlas; sourceTree = "<group>"; };
		F22295732C373AEE008AE840 /* blueJump.atlas */ = {isa = PBXFileReference; lastKnownFileType = folder.skatlas; path = blueJump.atlas; sourceTree = "<group>"; };
		F22295782C374AFB008AE840 /* Flame.atlas */ = {isa = PBXFileReference; lastKnownFileType = folder.skatlas; path = Flame.atlas; sourceTree = "<group>"; };
		F23C47392C39A5BE00B1F0A6 /* FlameNode.swift */ = {isa = PBXFileReference; lastKnownFileType = sourcecode.swift; path = FlameNode.swift; sourceTree = "<group>"; };
		F23C473B2C39A5ED00B1F0A6 /* utilities.swift */ = {isa = PBXFileReference; lastKnownFileType = sourcecode.swift; path = utilities.swift; sourceTree = "<group>"; };
		F29226FB2C2F322600454AD0 /* Turns-v1.app */ = {isa = PBXFileReference; explicitFileType = wrapper.application; includeInIndex = 0; path = "Turns-v1.app"; sourceTree = BUILT_PRODUCTS_DIR; };
		F29226FE2C2F322600454AD0 /* Turns_v1App.swift */ = {isa = PBXFileReference; lastKnownFileType = sourcecode.swift; path = Turns_v1App.swift; sourceTree = "<group>"; };
		F29227022C2F322700454AD0 /* Assets.xcassets */ = {isa = PBXFileReference; lastKnownFileType = folder.assetcatalog; path = Assets.xcassets; sourceTree = "<group>"; };
		F29227052C2F322700454AD0 /* Preview Assets.xcassets */ = {isa = PBXFileReference; lastKnownFileType = folder.assetcatalog; path = "Preview Assets.xcassets"; sourceTree = "<group>"; };
		F29227172C3169CB00454AD0 /* alagard.ttf */ = {isa = PBXFileReference; lastKnownFileType = file; path = alagard.ttf; sourceTree = "<group>"; };
		F292271A2C316AEF00454AD0 /* Info.plist */ = {isa = PBXFileReference; lastKnownFileType = text.plist; path = Info.plist; sourceTree = "<group>"; };
		F292271F2C31ABA600454AD0 /* PlatformTiles.sks */ = {isa = PBXFileReference; lastKnownFileType = file.sks; path = PlatformTiles.sks; sourceTree = "<group>"; };
		F2AC1C3D2C408532009AD7FF /* CollectSound.wav */ = {isa = PBXFileReference; lastKnownFileType = audio.wav; path = CollectSound.wav; sourceTree = "<group>"; };
		F2B77F2C2C3D45E500FDFDBF /* GameState.swift */ = {isa = PBXFileReference; fileEncoding = 4; lastKnownFileType = sourcecode.swift; path = GameState.swift; sourceTree = "<group>"; };
		F2B77F312C3D462A00FDFDBF /* MPCImpl.swift */ = {isa = PBXFileReference; fileEncoding = 4; lastKnownFileType = sourcecode.swift; path = MPCImpl.swift; sourceTree = "<group>"; };
		F2B77F322C3D462A00FDFDBF /* MPCInterface.swift */ = {isa = PBXFileReference; fileEncoding = 4; lastKnownFileType = sourcecode.swift; path = MPCInterface.swift; sourceTree = "<group>"; };
		F2B77F342C3D462A00FDFDBF /* Route.swift */ = {isa = PBXFileReference; fileEncoding = 4; lastKnownFileType = sourcecode.swift; path = Route.swift; sourceTree = "<group>"; };
		F2B77F352C3D462A00FDFDBF /* Router.swift */ = {isa = PBXFileReference; fileEncoding = 4; lastKnownFileType = sourcecode.swift; path = Router.swift; sourceTree = "<group>"; };
		F2B77F372C3D462A00FDFDBF /* Color.swift */ = {isa = PBXFileReference; fileEncoding = 4; lastKnownFileType = sourcecode.swift; path = Color.swift; sourceTree = "<group>"; };
		F2B77F392C3D462A00FDFDBF /* ViewModel.swift */ = {isa = PBXFileReference; fileEncoding = 4; lastKnownFileType = sourcecode.swift; path = ViewModel.swift; sourceTree = "<group>"; };
		F2B77F422C3D4A9000FDFDBF /* BackView.swift */ = {isa = PBXFileReference; fileEncoding = 4; lastKnownFileType = sourcecode.swift; path = BackView.swift; sourceTree = "<group>"; };
		F2B77F432C3D4A9000FDFDBF /* ListFriend.swift */ = {isa = PBXFileReference; fileEncoding = 4; lastKnownFileType = sourcecode.swift; path = ListFriend.swift; sourceTree = "<group>"; };
		F2B77F472C3D4A9000FDFDBF /* RouterView.swift */ = {isa = PBXFileReference; fileEncoding = 4; lastKnownFileType = sourcecode.swift; path = RouterView.swift; sourceTree = "<group>"; };
		F2B77F482C3D4A9000FDFDBF /* SenderView.swift */ = {isa = PBXFileReference; fileEncoding = 4; lastKnownFileType = sourcecode.swift; path = SenderView.swift; sourceTree = "<group>"; };
		F2B77F492C3D4A9000FDFDBF /* StartView.swift */ = {isa = PBXFileReference; fileEncoding = 4; lastKnownFileType = sourcecode.swift; path = StartView.swift; sourceTree = "<group>"; };
		F2B77F522C3D4E2800FDFDBF /* ArcadeClassic.ttf */ = {isa = PBXFileReference; lastKnownFileType = file; path = ArcadeClassic.ttf; sourceTree = "<group>"; };
		F2B77F552C3D4F4B00FDFDBF /* PairView.swift */ = {isa = PBXFileReference; fileEncoding = 4; lastKnownFileType = sourcecode.swift; path = PairView.swift; sourceTree = "<group>"; };
		F2B77F592C3D50D000FDFDBF /* EntryView.swift */ = {isa = PBXFileReference; fileEncoding = 4; lastKnownFileType = sourcecode.swift; path = EntryView.swift; sourceTree = "<group>"; };
		F2D6C8A92C3C6089004180A4 /* orangeJump.atlas */ = {isa = PBXFileReference; lastKnownFileType = folder.skatlas; path = orangeJump.atlas; sourceTree = "<group>"; };
		F2D6C8AA2C3C6089004180A4 /* orangeRun.atlas */ = {isa = PBXFileReference; lastKnownFileType = folder.skatlas; path = orangeRun.atlas; sourceTree = "<group>"; };
		F2D6C8AB2C3C6089004180A4 /* orangeIdle.atlas */ = {isa = PBXFileReference; lastKnownFileType = folder.skatlas; path = orangeIdle.atlas; sourceTree = "<group>"; };
/* End PBXFileReference section */

/* Begin PBXFrameworksBuildPhase section */
		F29226F82C2F322600454AD0 /* Frameworks */ = {
			isa = PBXFrameworksBuildPhase;
			buildActionMask = 2147483647;
			files = (
			);
			runOnlyForDeploymentPostprocessing = 0;
		};
/* End PBXFrameworksBuildPhase section */

/* Begin PBXGroup section */
		7A0890A92C35A77F00F059CC /* Custom Classes */ = {
			isa = PBXGroup;
			children = (
				7A0890A62C35A77F00F059CC /* HeroNode.swift */,
				F23C47392C39A5BE00B1F0A6 /* FlameNode.swift */,
				F23C473B2C39A5ED00B1F0A6 /* utilities.swift */,
			);
			path = "Custom Classes";
			sourceTree = "<group>";
		};
		7A1DE3B92C3FCADD007A0634 /* PopUpScenes */ = {
			isa = PBXGroup;
			children = (
				7A1DE3B72C3FC2AE007A0634 /* FinalView.swift */,
				7A1DE3BA2C3FCB33007A0634 /* FinalScene.swift */,
				7A1DE3BC2C3FCB90007A0634 /* FinalScene.sks */,
				7A1DE3B52C3FC07A007A0634 /* TutorialView.swift */,
				7AB65F632C4016AF00BD7643 /* TutorialScene.swift */,
				7AB65F652C4016FB00BD7643 /* TutorialScene.sks */,
			);
			path = PopUpScenes;
			sourceTree = "<group>";
		};
		F222956D2C36C1FD008AE840 /* Level */ = {
			isa = PBXGroup;
			children = (
				7ACB9F7B2C34A9AF0019FB02 /* PlatformScene.sks */,
				7ACB9F7D2C34AB940019FB02 /* PlatformScene.swift */,
				7ACB9F7F2C34ADE00019FB02 /* PlatformView.swift */,
			);
			path = Level;
			sourceTree = "<group>";
		};
		F29226F22C2F322600454AD0 = {
			isa = PBXGroup;
			children = (
				7A0890AD2C35A83B00F059CC /* README.md */,
				7A0890AF2C35A85900F059CC /* .gitignore */,
				F29226FD2C2F322600454AD0 /* Turns-v1 */,
				F29226FC2C2F322600454AD0 /* Products */,
			);
			sourceTree = "<group>";
		};
		F29226FC2C2F322600454AD0 /* Products */ = {
			isa = PBXGroup;
			children = (
				F29226FB2C2F322600454AD0 /* Turns-v1.app */,
			);
			name = Products;
			sourceTree = "<group>";
		};
		F29226FD2C2F322600454AD0 /* Turns-v1 */ = {
			isa = PBXGroup;
			children = (
				F292271A2C316AEF00454AD0 /* Info.plist */,
				F29226FE2C2F322600454AD0 /* Turns_v1App.swift */,
				F2B77F3B2C3D462A00FDFDBF /* App */,
				F2B77F4A2C3D4A9000FDFDBF /* View */,
				F2B77F2E2C3D45E500FDFDBF /* Model */,
				7A1DE3B92C3FCADD007A0634 /* PopUpScenes */,
				F222956D2C36C1FD008AE840 /* Level */,
				7A0890A92C35A77F00F059CC /* Custom Classes */,
				F292270E2C2F335C00454AD0 /* Tiles */,
				F29227022C2F322700454AD0 /* Assets.xcassets */,
				F2AC1C3C2C4083F6009AD7FF /* Sounds */,
				F29227182C3169E100454AD0 /* Fonts */,
				F22295712C373AE8008AE840 /* blueIdle.atlas */,
				F22295732C373AEE008AE840 /* blueJump.atlas */,
				7A11D6712C3F388C00394BD1 /* blueRunFix.atlas */,
				F22295782C374AFB008AE840 /* Flame.atlas */,
				F2D6C8AB2C3C6089004180A4 /* orangeIdle.atlas */,
				F2D6C8A92C3C6089004180A4 /* orangeJump.atlas */,
				F2D6C8AA2C3C6089004180A4 /* orangeRun.atlas */,
				F29227042C2F322700454AD0 /* Preview Content */,
			);
			path = "Turns-v1";
			sourceTree = "<group>";
		};
		F29227042C2F322700454AD0 /* Preview Content */ = {
			isa = PBXGroup;
			children = (
				F29227052C2F322700454AD0 /* Preview Assets.xcassets */,
			);
			path = "Preview Content";
			sourceTree = "<group>";
		};
		F292270E2C2F335C00454AD0 /* Tiles */ = {
			isa = PBXGroup;
			children = (
				F292271F2C31ABA600454AD0 /* PlatformTiles.sks */,
			);
			path = Tiles;
			sourceTree = "<group>";
		};
		F29227182C3169E100454AD0 /* Fonts */ = {
			isa = PBXGroup;
			children = (
				F2B77F522C3D4E2800FDFDBF /* ArcadeClassic.ttf */,
				F29227172C3169CB00454AD0 /* alagard.ttf */,
			);
			path = Fonts;
			sourceTree = "<group>";
		};
		F2AC1C3C2C4083F6009AD7FF /* Sounds */ = {
			isa = PBXGroup;
			children = (
				F2AC1C3D2C408532009AD7FF /* CollectSound.wav */,
			);
			path = Sounds;
			sourceTree = "<group>";
		};
		F2B77F2E2C3D45E500FDFDBF /* Model */ = {
			isa = PBXGroup;
			children = (
				F2B77F2C2C3D45E500FDFDBF /* GameState.swift */,
				553CEED32C3E84B600EDEBFC /* AppState.swift */,
			);
			path = Model;
			sourceTree = "<group>";
		};
		F2B77F332C3D462A00FDFDBF /* Connector */ = {
			isa = PBXGroup;
			children = (
				F2B77F312C3D462A00FDFDBF /* MPCImpl.swift */,
				F2B77F322C3D462A00FDFDBF /* MPCInterface.swift */,
			);
			path = Connector;
			sourceTree = "<group>";
		};
		F2B77F362C3D462A00FDFDBF /* Router */ = {
			isa = PBXGroup;
			children = (
				F2B77F342C3D462A00FDFDBF /* Route.swift */,
				F2B77F352C3D462A00FDFDBF /* Router.swift */,
			);
			path = Router;
			sourceTree = "<group>";
		};
		F2B77F382C3D462A00FDFDBF /* UI */ = {
			isa = PBXGroup;
			children = (
				F2B77F372C3D462A00FDFDBF /* Color.swift */,
			);
			path = UI;
			sourceTree = "<group>";
		};
		F2B77F3A2C3D462A00FDFDBF /* ViewModel */ = {
			isa = PBXGroup;
			children = (
				F2B77F392C3D462A00FDFDBF /* ViewModel.swift */,
			);
			path = ViewModel;
			sourceTree = "<group>";
		};
		F2B77F3B2C3D462A00FDFDBF /* App */ = {
			isa = PBXGroup;
			children = (
				F2B77F332C3D462A00FDFDBF /* Connector */,
				F2B77F362C3D462A00FDFDBF /* Router */,
				F2B77F382C3D462A00FDFDBF /* UI */,
				F2B77F3A2C3D462A00FDFDBF /* ViewModel */,
			);
			path = App;
			sourceTree = "<group>";
		};
		F2B77F442C3D4A9000FDFDBF /* Partial */ = {
			isa = PBXGroup;
			children = (
				F2B77F422C3D4A9000FDFDBF /* BackView.swift */,
				F2B77F432C3D4A9000FDFDBF /* ListFriend.swift */,
			);
			path = Partial;
			sourceTree = "<group>";
		};
		F2B77F4A2C3D4A9000FDFDBF /* View */ = {
			isa = PBXGroup;
			children = (
				F2B77F442C3D4A9000FDFDBF /* Partial */,
				F2B77F592C3D50D000FDFDBF /* EntryView.swift */,
				F2B77F492C3D4A9000FDFDBF /* StartView.swift */,
				F2B77F552C3D4F4B00FDFDBF /* PairView.swift */,
				F2B77F472C3D4A9000FDFDBF /* RouterView.swift */,
				F2B77F482C3D4A9000FDFDBF /* SenderView.swift */,
				7A21F9A22C3E90C800FDF0C4 /* WaitingView.swift */,
				7A21F9A42C3EC6F100FDF0C4 /* SpinningDude.swift */,
			);
			path = View;
			sourceTree = "<group>";
		};
/* End PBXGroup section */

/* Begin PBXNativeTarget section */
		F29226FA2C2F322600454AD0 /* Turns-v1 */ = {
			isa = PBXNativeTarget;
			buildConfigurationList = F29227092C2F322700454AD0 /* Build configuration list for PBXNativeTarget "Turns-v1" */;
			buildPhases = (
				F29226F72C2F322600454AD0 /* Sources */,
				F29226F82C2F322600454AD0 /* Frameworks */,
				F29226F92C2F322600454AD0 /* Resources */,
			);
			buildRules = (
			);
			dependencies = (
			);
			name = "Turns-v1";
			productName = "Turns-v1";
			productReference = F29226FB2C2F322600454AD0 /* Turns-v1.app */;
			productType = "com.apple.product-type.application";
		};
/* End PBXNativeTarget section */

/* Begin PBXProject section */
		F29226F32C2F322600454AD0 /* Project object */ = {
			isa = PBXProject;
			attributes = {
				BuildIndependentTargetsInParallel = 1;
				LastSwiftUpdateCheck = 1540;
				LastUpgradeCheck = 1540;
				TargetAttributes = {
					F29226FA2C2F322600454AD0 = {
						CreatedOnToolsVersion = 15.4;
					};
				};
			};
			buildConfigurationList = F29226F62C2F322600454AD0 /* Build configuration list for PBXProject "Turns-v1" */;
			compatibilityVersion = "Xcode 14.0";
			developmentRegion = en;
			hasScannedForEncodings = 0;
			knownRegions = (
				en,
				Base,
			);
			mainGroup = F29226F22C2F322600454AD0;
			productRefGroup = F29226FC2C2F322600454AD0 /* Products */;
			projectDirPath = "";
			projectRoot = "";
			targets = (
				F29226FA2C2F322600454AD0 /* Turns-v1 */,
			);
		};
/* End PBXProject section */

/* Begin PBXResourcesBuildPhase section */
		F29226F92C2F322600454AD0 /* Resources */ = {
			isa = PBXResourcesBuildPhase;
			buildActionMask = 2147483647;
			files = (
				F29227202C31ABA600454AD0 /* PlatformTiles.sks in Resources */,
				F22295722C373AE8008AE840 /* blueIdle.atlas in Resources */,
				F22295792C374AFB008AE840 /* Flame.atlas in Resources */,
				F2AC1C3E2C408532009AD7FF /* CollectSound.wav in Resources */,
				F22295742C373AEE008AE840 /* blueJump.atlas in Resources */,
				F29227062C2F322700454AD0 /* Preview Assets.xcassets in Resources */,
				7A0890AE2C35A83B00F059CC /* README.md in Resources */,
				7A1DE3BD2C3FCB90007A0634 /* FinalScene.sks in Resources */,
				7A11D6722C3F388C00394BD1 /* blueRunFix.atlas in Resources */,
				F2D6C8AC2C3C6089004180A4 /* orangeJump.atlas in Resources */,
				F29227032C2F322700454AD0 /* Assets.xcassets in Resources */,
				F2D6C8AD2C3C6089004180A4 /* orangeRun.atlas in Resources */,
				7ACB9F7C2C34A9AF0019FB02 /* PlatformScene.sks in Resources */,
				F2D6C8AE2C3C6089004180A4 /* orangeIdle.atlas in Resources */,
				7AB65F662C4016FB00BD7643 /* TutorialScene.sks in Resources */,
				7A0890B02C35A85900F059CC /* .gitignore in Resources */,
				F29227192C3169F800454AD0 /* alagard.ttf in Resources */,
				F288E7B12C3D51EF0017668E /* ArcadeClassic.ttf in Resources */,
			);
			runOnlyForDeploymentPostprocessing = 0;
		};
/* End PBXResourcesBuildPhase section */

/* Begin PBXSourcesBuildPhase section */
		F29226F72C2F322600454AD0 /* Sources */ = {
			isa = PBXSourcesBuildPhase;
			buildActionMask = 2147483647;
			files = (
				F2B77F562C3D4F4B00FDFDBF /* PairView.swift in Sources */,
				7A1DE3B82C3FC2AE007A0634 /* FinalView.swift in Sources */,
				7A21F9A32C3E90C800FDF0C4 /* WaitingView.swift in Sources */,
				7AB65F642C4016B000BD7643 /* TutorialScene.swift in Sources */,
				7A1DE3BB2C3FCB33007A0634 /* FinalScene.swift in Sources */,
				F2B77F512C3D4A9000FDFDBF /* StartView.swift in Sources */,
				7A21F9A52C3EC6F100FDF0C4 /* SpinningDude.swift in Sources */,
				F2B77F502C3D4A9000FDFDBF /* SenderView.swift in Sources */,
				7ACB9F7E2C34AB940019FB02 /* PlatformScene.swift in Sources */,
				7A0890AA2C35A77F00F059CC /* HeroNode.swift in Sources */,
				F2B77F3E2C3D462A00FDFDBF /* Route.swift in Sources */,
				F23C473A2C39A5BE00B1F0A6 /* FlameNode.swift in Sources */,
				7A1DE3B62C3FC07A007A0634 /* TutorialView.swift in Sources */,
				F2B77F4B2C3D4A9000FDFDBF /* BackView.swift in Sources */,
				F2B77F412C3D462A00FDFDBF /* ViewModel.swift in Sources */,
				F2B77F5A2C3D50D000FDFDBF /* EntryView.swift in Sources */,
				F2B77F3C2C3D462A00FDFDBF /* MPCImpl.swift in Sources */,
				F2B77F3D2C3D462A00FDFDBF /* MPCInterface.swift in Sources */,
				F2B77F402C3D462A00FDFDBF /* Color.swift in Sources */,
				F23C473C2C39A5ED00B1F0A6 /* utilities.swift in Sources */,
				F2B77F4C2C3D4A9000FDFDBF /* ListFriend.swift in Sources */,
				553CEED42C3E84B700EDEBFC /* AppState.swift in Sources */,
				F2B77F3F2C3D462A00FDFDBF /* Router.swift in Sources */,
				F2B77F2F2C3D45E500FDFDBF /* GameState.swift in Sources */,
				F29226FF2C2F322600454AD0 /* Turns_v1App.swift in Sources */,
				7ACB9F802C34ADE00019FB02 /* PlatformView.swift in Sources */,
				F2B77F4F2C3D4A9000FDFDBF /* RouterView.swift in Sources */,
			);
			runOnlyForDeploymentPostprocessing = 0;
		};
/* End PBXSourcesBuildPhase section */

/* Begin XCBuildConfiguration section */
		F29227072C2F322700454AD0 /* Debug */ = {
			isa = XCBuildConfiguration;
			buildSettings = {
				ALWAYS_SEARCH_USER_PATHS = NO;
				ASSETCATALOG_COMPILER_GENERATE_SWIFT_ASSET_SYMBOL_EXTENSIONS = YES;
				CLANG_ANALYZER_NONNULL = YES;
				CLANG_ANALYZER_NUMBER_OBJECT_CONVERSION = YES_AGGRESSIVE;
				CLANG_CXX_LANGUAGE_STANDARD = "gnu++20";
				CLANG_ENABLE_MODULES = YES;
				CLANG_ENABLE_OBJC_ARC = YES;
				CLANG_ENABLE_OBJC_WEAK = YES;
				CLANG_WARN_BLOCK_CAPTURE_AUTORELEASING = YES;
				CLANG_WARN_BOOL_CONVERSION = YES;
				CLANG_WARN_COMMA = YES;
				CLANG_WARN_CONSTANT_CONVERSION = YES;
				CLANG_WARN_DEPRECATED_OBJC_IMPLEMENTATIONS = YES;
				CLANG_WARN_DIRECT_OBJC_ISA_USAGE = YES_ERROR;
				CLANG_WARN_DOCUMENTATION_COMMENTS = YES;
				CLANG_WARN_EMPTY_BODY = YES;
				CLANG_WARN_ENUM_CONVERSION = YES;
				CLANG_WARN_INFINITE_RECURSION = YES;
				CLANG_WARN_INT_CONVERSION = YES;
				CLANG_WARN_NON_LITERAL_NULL_CONVERSION = YES;
				CLANG_WARN_OBJC_IMPLICIT_RETAIN_SELF = YES;
				CLANG_WARN_OBJC_LITERAL_CONVERSION = YES;
				CLANG_WARN_OBJC_ROOT_CLASS = YES_ERROR;
				CLANG_WARN_QUOTED_INCLUDE_IN_FRAMEWORK_HEADER = YES;
				CLANG_WARN_RANGE_LOOP_ANALYSIS = YES;
				CLANG_WARN_STRICT_PROTOTYPES = YES;
				CLANG_WARN_SUSPICIOUS_MOVE = YES;
				CLANG_WARN_UNGUARDED_AVAILABILITY = YES_AGGRESSIVE;
				CLANG_WARN_UNREACHABLE_CODE = YES;
				CLANG_WARN__DUPLICATE_METHOD_MATCH = YES;
				COPY_PHASE_STRIP = NO;
				DEBUG_INFORMATION_FORMAT = dwarf;
				ENABLE_STRICT_OBJC_MSGSEND = YES;
				ENABLE_TESTABILITY = YES;
				ENABLE_USER_SCRIPT_SANDBOXING = YES;
				GCC_C_LANGUAGE_STANDARD = gnu17;
				GCC_DYNAMIC_NO_PIC = NO;
				GCC_NO_COMMON_BLOCKS = YES;
				GCC_OPTIMIZATION_LEVEL = 0;
				GCC_PREPROCESSOR_DEFINITIONS = (
					"DEBUG=1",
					"$(inherited)",
				);
				GCC_WARN_64_TO_32_BIT_CONVERSION = YES;
				GCC_WARN_ABOUT_RETURN_TYPE = YES_ERROR;
				GCC_WARN_UNDECLARED_SELECTOR = YES;
				GCC_WARN_UNINITIALIZED_AUTOS = YES_AGGRESSIVE;
				GCC_WARN_UNUSED_FUNCTION = YES;
				GCC_WARN_UNUSED_VARIABLE = YES;
				IPHONEOS_DEPLOYMENT_TARGET = 17.5;
				LOCALIZATION_PREFERS_STRING_CATALOGS = YES;
				MTL_ENABLE_DEBUG_INFO = INCLUDE_SOURCE;
				MTL_FAST_MATH = YES;
				ONLY_ACTIVE_ARCH = YES;
				SDKROOT = iphoneos;
				SWIFT_ACTIVE_COMPILATION_CONDITIONS = "DEBUG $(inherited)";
				SWIFT_OPTIMIZATION_LEVEL = "-Onone";
			};
			name = Debug;
		};
		F29227082C2F322700454AD0 /* Release */ = {
			isa = XCBuildConfiguration;
			buildSettings = {
				ALWAYS_SEARCH_USER_PATHS = NO;
				ASSETCATALOG_COMPILER_GENERATE_SWIFT_ASSET_SYMBOL_EXTENSIONS = YES;
				CLANG_ANALYZER_NONNULL = YES;
				CLANG_ANALYZER_NUMBER_OBJECT_CONVERSION = YES_AGGRESSIVE;
				CLANG_CXX_LANGUAGE_STANDARD = "gnu++20";
				CLANG_ENABLE_MODULES = YES;
				CLANG_ENABLE_OBJC_ARC = YES;
				CLANG_ENABLE_OBJC_WEAK = YES;
				CLANG_WARN_BLOCK_CAPTURE_AUTORELEASING = YES;
				CLANG_WARN_BOOL_CONVERSION = YES;
				CLANG_WARN_COMMA = YES;
				CLANG_WARN_CONSTANT_CONVERSION = YES;
				CLANG_WARN_DEPRECATED_OBJC_IMPLEMENTATIONS = YES;
				CLANG_WARN_DIRECT_OBJC_ISA_USAGE = YES_ERROR;
				CLANG_WARN_DOCUMENTATION_COMMENTS = YES;
				CLANG_WARN_EMPTY_BODY = YES;
				CLANG_WARN_ENUM_CONVERSION = YES;
				CLANG_WARN_INFINITE_RECURSION = YES;
				CLANG_WARN_INT_CONVERSION = YES;
				CLANG_WARN_NON_LITERAL_NULL_CONVERSION = YES;
				CLANG_WARN_OBJC_IMPLICIT_RETAIN_SELF = YES;
				CLANG_WARN_OBJC_LITERAL_CONVERSION = YES;
				CLANG_WARN_OBJC_ROOT_CLASS = YES_ERROR;
				CLANG_WARN_QUOTED_INCLUDE_IN_FRAMEWORK_HEADER = YES;
				CLANG_WARN_RANGE_LOOP_ANALYSIS = YES;
				CLANG_WARN_STRICT_PROTOTYPES = YES;
				CLANG_WARN_SUSPICIOUS_MOVE = YES;
				CLANG_WARN_UNGUARDED_AVAILABILITY = YES_AGGRESSIVE;
				CLANG_WARN_UNREACHABLE_CODE = YES;
				CLANG_WARN__DUPLICATE_METHOD_MATCH = YES;
				COPY_PHASE_STRIP = NO;
				DEBUG_INFORMATION_FORMAT = "dwarf-with-dsym";
				ENABLE_NS_ASSERTIONS = NO;
				ENABLE_STRICT_OBJC_MSGSEND = YES;
				ENABLE_USER_SCRIPT_SANDBOXING = YES;
				GCC_C_LANGUAGE_STANDARD = gnu17;
				GCC_NO_COMMON_BLOCKS = YES;
				GCC_WARN_64_TO_32_BIT_CONVERSION = YES;
				GCC_WARN_ABOUT_RETURN_TYPE = YES_ERROR;
				GCC_WARN_UNDECLARED_SELECTOR = YES;
				GCC_WARN_UNINITIALIZED_AUTOS = YES_AGGRESSIVE;
				GCC_WARN_UNUSED_FUNCTION = YES;
				GCC_WARN_UNUSED_VARIABLE = YES;
				IPHONEOS_DEPLOYMENT_TARGET = 17.5;
				LOCALIZATION_PREFERS_STRING_CATALOGS = YES;
				MTL_ENABLE_DEBUG_INFO = NO;
				MTL_FAST_MATH = YES;
				SDKROOT = iphoneos;
				SWIFT_COMPILATION_MODE = wholemodule;
				VALIDATE_PRODUCT = YES;
			};
			name = Release;
		};
		F292270A2C2F322700454AD0 /* Debug */ = {
			isa = XCBuildConfiguration;
			buildSettings = {
				ASSETCATALOG_COMPILER_APPICON_NAME = AppIcon;
				ASSETCATALOG_COMPILER_GLOBAL_ACCENT_COLOR_NAME = AccentColor;
				ASSETCATALOG_COMPILER_INCLUDE_ALL_APPICON_ASSETS = NO;
				CODE_SIGN_STYLE = Automatic;
				CURRENT_PROJECT_VERSION = 1;
				DEVELOPMENT_ASSET_PATHS = "\"Turns-v1/Preview Content\"";
				DEVELOPMENT_TEAM = 8RB4735FJ2;
				ENABLE_PREVIEWS = YES;
				GENERATE_INFOPLIST_FILE = YES;
				INFOPLIST_FILE = "Turns-v1/Info.plist";
				INFOPLIST_KEY_CFBundleDisplayName = Turns;
				INFOPLIST_KEY_LSApplicationCategoryType = "public.app-category.games";
				INFOPLIST_KEY_NSLocalNetworkUsageDescription = "This app needs multipeer connectivity to work. If you do not agree, you can go to General->Privacy and Security->Local Network to enable permissions";
				INFOPLIST_KEY_UIApplicationSceneManifest_Generation = YES;
				INFOPLIST_KEY_UIApplicationSupportsIndirectInputEvents = YES;
				INFOPLIST_KEY_UILaunchScreen_Generation = YES;
				INFOPLIST_KEY_UIStatusBarHidden = YES;
				INFOPLIST_KEY_UIStatusBarStyle = "";
				INFOPLIST_KEY_UISupportedInterfaceOrientations = "UIInterfaceOrientationLandscapeLeft UIInterfaceOrientationLandscapeRight";
				INFOPLIST_KEY_UISupportedInterfaceOrientations_iPad = "UIInterfaceOrientationLandscapeLeft UIInterfaceOrientationLandscapeRight UIInterfaceOrientationPortrait UIInterfaceOrientationPortraitUpsideDown";
				IPHONEOS_DEPLOYMENT_TARGET = 17.4;
				LD_RUNPATH_SEARCH_PATHS = (
					"$(inherited)",
					"@executable_path/Frameworks",
				);
				MARKETING_VERSION = 1.0;
				PRODUCT_BUNDLE_IDENTIFIER = com.Gheim2.turns;
				PRODUCT_NAME = "$(TARGET_NAME)";
				SUPPORTED_PLATFORMS = "iphoneos iphonesimulator";
				SUPPORTS_MACCATALYST = NO;
				SWIFT_EMIT_LOC_STRINGS = YES;
				SWIFT_VERSION = 5.0;
				TARGETED_DEVICE_FAMILY = 1;
			};
			name = Debug;
		};
		F292270B2C2F322700454AD0 /* Release */ = {
			isa = XCBuildConfiguration;
			buildSettings = {
				ASSETCATALOG_COMPILER_APPICON_NAME = AppIcon;
				ASSETCATALOG_COMPILER_GLOBAL_ACCENT_COLOR_NAME = AccentColor;
				ASSETCATALOG_COMPILER_INCLUDE_ALL_APPICON_ASSETS = NO;
				CODE_SIGN_STYLE = Automatic;
				CURRENT_PROJECT_VERSION = 1;
				DEVELOPMENT_ASSET_PATHS = "\"Turns-v1/Preview Content\"";
				DEVELOPMENT_TEAM = 8RB4735FJ2;
				ENABLE_PREVIEWS = YES;
				GENERATE_INFOPLIST_FILE = YES;
				INFOPLIST_FILE = "Turns-v1/Info.plist";
				INFOPLIST_KEY_CFBundleDisplayName = Turns;
				INFOPLIST_KEY_LSApplicationCategoryType = "public.app-category.games";
				INFOPLIST_KEY_NSLocalNetworkUsageDescription = "This app needs multipeer connectivity to work. If you do not agree, you can go to General->Privacy and Security->Local Network to enable permissions";
				INFOPLIST_KEY_UIApplicationSceneManifest_Generation = YES;
				INFOPLIST_KEY_UIApplicationSupportsIndirectInputEvents = YES;
				INFOPLIST_KEY_UILaunchScreen_Generation = YES;
				INFOPLIST_KEY_UIStatusBarHidden = YES;
				INFOPLIST_KEY_UIStatusBarStyle = "";
				INFOPLIST_KEY_UISupportedInterfaceOrientations = "UIInterfaceOrientationLandscapeLeft UIInterfaceOrientationLandscapeRight";
				INFOPLIST_KEY_UISupportedInterfaceOrientations_iPad = "UIInterfaceOrientationLandscapeLeft UIInterfaceOrientationLandscapeRight UIInterfaceOrientationPortrait UIInterfaceOrientationPortraitUpsideDown";
				IPHONEOS_DEPLOYMENT_TARGET = 17.4;
				LD_RUNPATH_SEARCH_PATHS = (
					"$(inherited)",
					"@executable_path/Frameworks",
				);
				MARKETING_VERSION = 1.0;
				PRODUCT_BUNDLE_IDENTIFIER = com.Gheim2.turns;
				PRODUCT_NAME = "$(TARGET_NAME)";
				SUPPORTED_PLATFORMS = "iphoneos iphonesimulator";
				SUPPORTS_MACCATALYST = NO;
				SWIFT_EMIT_LOC_STRINGS = YES;
				SWIFT_VERSION = 5.0;
				TARGETED_DEVICE_FAMILY = 1;
			};
			name = Release;
		};
/* End XCBuildConfiguration section */

/* Begin XCConfigurationList section */
		F29226F62C2F322600454AD0 /* Build configuration list for PBXProject "Turns-v1" */ = {
			isa = XCConfigurationList;
			buildConfigurations = (
				F29227072C2F322700454AD0 /* Debug */,
				F29227082C2F322700454AD0 /* Release */,
			);
			defaultConfigurationIsVisible = 0;
			defaultConfigurationName = Release;
		};
		F29227092C2F322700454AD0 /* Build configuration list for PBXNativeTarget "Turns-v1" */ = {
			isa = XCConfigurationList;
			buildConfigurations = (
				F292270A2C2F322700454AD0 /* Debug */,
				F292270B2C2F322700454AD0 /* Release */,
			);
			defaultConfigurationIsVisible = 0;
			defaultConfigurationName = Release;
		};
/* End XCConfigurationList section */
	};
	rootObject = F29226F32C2F322600454AD0 /* Project object */;
}
